// !$*UTF8*$!
{
	archiveVersion = 1;
	classes = {
	};
	objectVersion = 46;
	objects = {

/* Begin PBXBuildFile section */
		11CA0C1A1A7AB3510002DBF6 /* KanjiRecog.h in CopyFiles */ = {isa = PBXBuildFile; fileRef = 11CA0C191A7AB3510002DBF6 /* KanjiRecog.h */; };
		11CA0C1C1A7AB3510002DBF6 /* KanjiRecog.m in Sources */ = {isa = PBXBuildFile; fileRef = 11CA0C1B1A7AB3510002DBF6 /* KanjiRecog.m */; };
		11CA0C221A7AB3510002DBF6 /* libKanjiRecog.a in Frameworks */ = {isa = PBXBuildFile; fileRef = 11CA0C161A7AB3510002DBF6 /* libKanjiRecog.a */; };
/* End PBXBuildFile section */

/* Begin PBXContainerItemProxy section */
		11CA0C231A7AB3510002DBF6 /* PBXContainerItemProxy */ = {
			isa = PBXContainerItemProxy;
			containerPortal = 11CA0C0E1A7AB3510002DBF6 /* Project object */;
			proxyType = 1;
			remoteGlobalIDString = 11CA0C151A7AB3510002DBF6;
			remoteInfo = KanjiRecog;
		};
/* End PBXContainerItemProxy section */

/* Begin PBXCopyFilesBuildPhase section */
		11CA0C141A7AB3510002DBF6 /* CopyFiles */ = {
			isa = PBXCopyFilesBuildPhase;
			buildActionMask = 2147483647;
			dstPath = "include/$(PRODUCT_NAME)";
			dstSubfolderSpec = 16;
			files = (
				11CA0C1A1A7AB3510002DBF6 /* KanjiRecog.h in CopyFiles */,
			);
			runOnlyForDeploymentPostprocessing = 0;
		};
/* End PBXCopyFilesBuildPhase section */

/* Begin PBXFileReference section */
		11CA0C161A7AB3510002DBF6 /* libKanjiRecog.a */ = {isa = PBXFileReference; explicitFileType = archive.ar; includeInIndex = 0; path = libKanjiRecog.a; sourceTree = BUILT_PRODUCTS_DIR; };
		11CA0C191A7AB3510002DBF6 /* KanjiRecog.h */ = {isa = PBXFileReference; lastKnownFileType = sourcecode.c.h; path = KanjiRecog.h; sourceTree = "<group>"; };
		11CA0C1B1A7AB3510002DBF6 /* KanjiRecog.m */ = {isa = PBXFileReference; lastKnownFileType = sourcecode.c.objc; path = KanjiRecog.m; sourceTree = "<group>"; };
		11CA0C211A7AB3510002DBF6 /* KanjiRecogTests.xctest */ = {isa = PBXFileReference; explicitFileType = wrapper.cfbundle; includeInIndex = 0; path = KanjiRecogTests.xctest; sourceTree = BUILT_PRODUCTS_DIR; };
		11CA0C271A7AB3510002DBF6 /* Info.plist */ = {isa = PBXFileReference; lastKnownFileType = text.plist.xml; path = Info.plist; sourceTree = "<group>"; };
/* End PBXFileReference section */

/* Begin PBXFrameworksBuildPhase section */
		11CA0C131A7AB3510002DBF6 /* Frameworks */ = {
			isa = PBXFrameworksBuildPhase;
			buildActionMask = 2147483647;
			files = (
			);
			runOnlyForDeploymentPostprocessing = 0;
		};
		11CA0C1E1A7AB3510002DBF6 /* Frameworks */ = {
			isa = PBXFrameworksBuildPhase;
			buildActionMask = 2147483647;
			files = (
				11CA0C221A7AB3510002DBF6 /* libKanjiRecog.a in Frameworks */,
			);
			runOnlyForDeploymentPostprocessing = 0;
		};
/* End PBXFrameworksBuildPhase section */

/* Begin PBXGroup section */
		11CA0C0D1A7AB3510002DBF6 = {
			isa = PBXGroup;
			children = (
				11CA0C181A7AB3510002DBF6 /* KanjiRecog */,
				11CA0C251A7AB3510002DBF6 /* KanjiRecogTests */,
				11CA0C171A7AB3510002DBF6 /* Products */,
			);
			sourceTree = "<group>";
		};
		11CA0C171A7AB3510002DBF6 /* Products */ = {
			isa = PBXGroup;
			children = (
				11CA0C161A7AB3510002DBF6 /* libKanjiRecog.a */,
				11CA0C211A7AB3510002DBF6 /* KanjiRecogTests.xctest */,
			);
			name = Products;
			sourceTree = "<group>";
		};
		11CA0C181A7AB3510002DBF6 /* KanjiRecog */ = {
			isa = PBXGroup;
			children = (
				11CA0C191A7AB3510002DBF6 /* KanjiRecog.h */,
				11CA0C1B1A7AB3510002DBF6 /* KanjiRecog.m */,
			);
			path = KanjiRecog;
			sourceTree = "<group>";
		};
		11CA0C251A7AB3510002DBF6 /* KanjiRecogTests */ = {
			isa = PBXGroup;
			children = (
				11CA0C261A7AB3510002DBF6 /* Supporting Files */,
			);
			path = KanjiRecogTests;
			sourceTree = "<group>";
		};
		11CA0C261A7AB3510002DBF6 /* Supporting Files */ = {
			isa = PBXGroup;
			children = (
				11CA0C271A7AB3510002DBF6 /* Info.plist */,
			);
			name = "Supporting Files";
			sourceTree = "<group>";
		};
/* End PBXGroup section */

/* Begin PBXNativeTarget section */
		11CA0C151A7AB3510002DBF6 /* KanjiRecog */ = {
			isa = PBXNativeTarget;
			buildConfigurationList = 11CA0C2A1A7AB3510002DBF6 /* Build configuration list for PBXNativeTarget "KanjiRecog" */;
			buildPhases = (
				11CA0C121A7AB3510002DBF6 /* Sources */,
				11CA0C131A7AB3510002DBF6 /* Frameworks */,
				11CA0C141A7AB3510002DBF6 /* CopyFiles */,
			);
			buildRules = (
			);
			dependencies = (
			);
			name = KanjiRecog;
			productName = KanjiRecog;
			productReference = 11CA0C161A7AB3510002DBF6 /* libKanjiRecog.a */;
			productType = "com.apple.product-type.library.static";
		};
		11CA0C201A7AB3510002DBF6 /* KanjiRecogTests */ = {
			isa = PBXNativeTarget;
			buildConfigurationList = 11CA0C2D1A7AB3510002DBF6 /* Build configuration list for PBXNativeTarget "KanjiRecogTests" */;
			buildPhases = (
				11CA0C1D1A7AB3510002DBF6 /* Sources */,
				11CA0C1E1A7AB3510002DBF6 /* Frameworks */,
				11CA0C1F1A7AB3510002DBF6 /* Resources */,
			);
			buildRules = (
			);
			dependencies = (
				11CA0C241A7AB3510002DBF6 /* PBXTargetDependency */,
			);
			name = KanjiRecogTests;
			productName = KanjiRecogTests;
			productReference = 11CA0C211A7AB3510002DBF6 /* KanjiRecogTests.xctest */;
			productType = "com.apple.product-type.bundle.unit-test";
		};
/* End PBXNativeTarget section */

/* Begin PBXProject section */
		11CA0C0E1A7AB3510002DBF6 /* Project object */ = {
			isa = PBXProject;
			attributes = {
				LastUpgradeCheck = 0610;
				ORGANIZATIONNAME = codeandthings;
				TargetAttributes = {
					11CA0C151A7AB3510002DBF6 = {
						CreatedOnToolsVersion = 6.1;
					};
					11CA0C201A7AB3510002DBF6 = {
						CreatedOnToolsVersion = 6.1;
					};
				};
			};
			buildConfigurationList = 11CA0C111A7AB3510002DBF6 /* Build configuration list for PBXProject "KanjiRecog" */;
			compatibilityVersion = "Xcode 3.2";
			developmentRegion = English;
			hasScannedForEncodings = 0;
			knownRegions = (
				en,
			);
			mainGroup = 11CA0C0D1A7AB3510002DBF6;
			productRefGroup = 11CA0C171A7AB3510002DBF6 /* Products */;
			projectDirPath = "";
			projectRoot = "";
			targets = (
				11CA0C151A7AB3510002DBF6 /* KanjiRecog */,
				11CA0C201A7AB3510002DBF6 /* KanjiRecogTests */,
			);
		};
/* End PBXProject section */

/* Begin PBXResourcesBuildPhase section */
		11CA0C1F1A7AB3510002DBF6 /* Resources */ = {
			isa = PBXResourcesBuildPhase;
			buildActionMask = 2147483647;
			files = (
			);
			runOnlyForDeploymentPostprocessing = 0;
		};
/* End PBXResourcesBuildPhase section */

/* Begin PBXSourcesBuildPhase section */
		11CA0C121A7AB3510002DBF6 /* Sources */ = {
			isa = PBXSourcesBuildPhase;
			buildActionMask = 2147483647;
			files = (
				11CA0C1C1A7AB3510002DBF6 /* KanjiRecog.m in Sources */,
			);
			runOnlyForDeploymentPostprocessing = 0;
		};
		11CA0C1D1A7AB3510002DBF6 /* Sources */ = {
			isa = PBXSourcesBuildPhase;
			buildActionMask = 2147483647;
			files = (
			);
			runOnlyForDeploymentPostprocessing = 0;
		};
/* End PBXSourcesBuildPhase section */

/* Begin PBXTargetDependency section */
		11CA0C241A7AB3510002DBF6 /* PBXTargetDependency */ = {
			isa = PBXTargetDependency;
			target = 11CA0C151A7AB3510002DBF6 /* KanjiRecog */;
			targetProxy = 11CA0C231A7AB3510002DBF6 /* PBXContainerItemProxy */;
		};
/* End PBXTargetDependency section */

/* Begin XCBuildConfiguration section */
		11CA0C281A7AB3510002DBF6 /* Debug */ = {
			isa = XCBuildConfiguration;
			buildSettings = {
				ALWAYS_SEARCH_USER_PATHS = NO;
				CLANG_CXX_LANGUAGE_STANDARD = "gnu++0x";
				CLANG_CXX_LIBRARY = "libc++";
				CLANG_ENABLE_MODULES = YES;
				CLANG_ENABLE_OBJC_ARC = YES;
				CLANG_WARN_BOOL_CONVERSION = YES;
				CLANG_WARN_CONSTANT_CONVERSION = YES;
				CLANG_WARN_DIRECT_OBJC_ISA_USAGE = YES_ERROR;
				CLANG_WARN_EMPTY_BODY = YES;
				CLANG_WARN_ENUM_CONVERSION = YES;
				CLANG_WARN_INT_CONVERSION = YES;
				CLANG_WARN_OBJC_ROOT_CLASS = YES_ERROR;
				CLANG_WARN_UNREACHABLE_CODE = YES;
				CLANG_WARN__DUPLICATE_METHOD_MATCH = YES;
				COPY_PHASE_STRIP = NO;
				ENABLE_STRICT_OBJC_MSGSEND = YES;
				GCC_C_LANGUAGE_STANDARD = gnu99;
				GCC_DYNAMIC_NO_PIC = NO;
				GCC_OPTIMIZATION_LEVEL = 0;
				GCC_PREPROCESSOR_DEFINITIONS = (
					"DEBUG=1",
					"$(inherited)",
				);
				GCC_SYMBOLS_PRIVATE_EXTERN = NO;
				GCC_WARN_64_TO_32_BIT_CONVERSION = YES;
				GCC_WARN_ABOUT_RETURN_TYPE = YES_ERROR;
				GCC_WARN_UNDECLARED_SELECTOR = YES;
				GCC_WARN_UNINITIALIZED_AUTOS = YES_AGGRESSIVE;
				GCC_WARN_UNUSED_FUNCTION = YES;
				GCC_WARN_UNUSED_VARIABLE = YES;
				IPHONEOS_DEPLOYMENT_TARGET = 8.1;
				MTL_ENABLE_DEBUG_INFO = YES;
				ONLY_ACTIVE_ARCH = YES;
				SDKROOT = iphoneos;
			};
			name = Debug;
		};
		11CA0C291A7AB3510002DBF6 /* Release */ = {
			isa = XCBuildConfiguration;
			buildSettings = {
				ALWAYS_SEARCH_USER_PATHS = NO;
				CLANG_CXX_LANGUAGE_STANDARD = "gnu++0x";
				CLANG_CXX_LIBRARY = "libc++";
				CLANG_ENABLE_MODULES = YES;
				CLANG_ENABLE_OBJC_ARC = YES;
				CLANG_WARN_BOOL_CONVERSION = YES;
				CLANG_WARN_CONSTANT_CONVERSION = YES;
				CLANG_WARN_DIRECT_OBJC_ISA_USAGE = YES_ERROR;
				CLANG_WARN_EMPTY_BODY = YES;
				CLANG_WARN_ENUM_CONVERSION = YES;
				CLANG_WARN_INT_CONVERSION = YES;
				CLANG_WARN_OBJC_ROOT_CLASS = YES_ERROR;
				CLANG_WARN_UNREACHABLE_CODE = YES;
				CLANG_WARN__DUPLICATE_METHOD_MATCH = YES;
				COPY_PHASE_STRIP = YES;
				ENABLE_NS_ASSERTIONS = NO;
				ENABLE_STRICT_OBJC_MSGSEND = YES;
				GCC_C_LANGUAGE_STANDARD = gnu99;
				GCC_WARN_64_TO_32_BIT_CONVERSION = YES;
				GCC_WARN_ABOUT_RETURN_TYPE = YES_ERROR;
				GCC_WARN_UNDECLARED_SELECTOR = YES;
				GCC_WARN_UNINITIALIZED_AUTOS = YES_AGGRESSIVE;
				GCC_WARN_UNUSED_FUNCTION = YES;
				GCC_WARN_UNUSED_VARIABLE = YES;
				IPHONEOS_DEPLOYMENT_TARGET = 8.1;
				MTL_ENABLE_DEBUG_INFO = NO;
				SDKROOT = iphoneos;
				VALIDATE_PRODUCT = YES;
			};
			name = Release;
		};
		11CA0C2B1A7AB3510002DBF6 /* Debug */ = {
			isa = XCBuildConfiguration;
			buildSettings = {
				OTHER_LDFLAGS = "-ObjC";
				PRODUCT_NAME = "$(TARGET_NAME)";
				SKIP_INSTALL = YES;
			};
			name = Debug;
		};
		11CA0C2C1A7AB3510002DBF6 /* Release */ = {
			isa = XCBuildConfiguration;
			buildSettings = {
				OTHER_LDFLAGS = "-ObjC";
				PRODUCT_NAME = "$(TARGET_NAME)";
				SKIP_INSTALL = YES;
			};
			name = Release;
		};
		11CA0C2E1A7AB3510002DBF6 /* Debug */ = {
			isa = XCBuildConfiguration;
			buildSettings = {
				FRAMEWORK_SEARCH_PATHS = (
					"$(SDKROOT)/Developer/Library/Frameworks",
					"$(inherited)",
				);
				GCC_PREPROCESSOR_DEFINITIONS = (
					"DEBUG=1",
					"$(inherited)",
				);
				INFOPLIST_FILE = KanjiRecogTests/Info.plist;
				LD_RUNPATH_SEARCH_PATHS = "$(inherited) @executable_path/Frameworks @loader_path/Frameworks";
				PRODUCT_NAME = "$(TARGET_NAME)";
			};
			name = Debug;
		};
		11CA0C2F1A7AB3510002DBF6 /* Release */ = {
			isa = XCBuildConfiguration;
			buildSettings = {
				FRAMEWORK_SEARCH_PATHS = (
					"$(SDKROOT)/Developer/Library/Frameworks",
					"$(inherited)",
				);
				INFOPLIST_FILE = KanjiRecogTests/Info.plist;
				LD_RUNPATH_SEARCH_PATHS = "$(inherited) @executable_path/Frameworks @loader_path/Frameworks";
				PRODUCT_NAME = "$(TARGET_NAME)";
			};
			name = Release;
		};
/* End XCBuildConfiguration section */

/* Begin XCConfigurationList section */
		11CA0C111A7AB3510002DBF6 /* Build configuration list for PBXProject "KanjiRecog" */ = {
			isa = XCConfigurationList;
			buildConfigurations = (
				11CA0C281A7AB3510002DBF6 /* Debug */,
				11CA0C291A7AB3510002DBF6 /* Release */,
			);
			defaultConfigurationIsVisible = 0;
			defaultConfigurationName = Release;
		};
		11CA0C2A1A7AB3510002DBF6 /* Build configuration list for PBXNativeTarget "KanjiRecog" */ = {
			isa = XCConfigurationList;
			buildConfigurations = (
				11CA0C2B1A7AB3510002DBF6 /* Debug */,
				11CA0C2C1A7AB3510002DBF6 /* Release */,
			);
			defaultConfigurationIsVisible = 0;
		};
		11CA0C2D1A7AB3510002DBF6 /* Build configuration list for PBXNativeTarget "KanjiRecogTests" */ = {
			isa = XCConfigurationList;
			buildConfigurations = (
				11CA0C2E1A7AB3510002DBF6 /* Debug */,
				11CA0C2F1A7AB3510002DBF6 /* Release */,
			);
			defaultConfigurationIsVisible = 0;
		};
/* End XCConfigurationList section */
	};
	rootObject = 11CA0C0E1A7AB3510002DBF6 /* Project object */;
}
